
Microsoft Visual Studio Solution File, Format Version 12.00
# Visual Studio 15
Project("{FAE04EC0-301F-11D3-BF4B-00C04F79EFBC}") = "Assembly-CSharp", "Assembly-CSharp.csproj", "{AC1B27CA-7254-9736-4918-2EBB5BD8919A}"
EndProject
Project("{FAE04EC0-301F-11D3-BF4B-00C04F79EFBC}") = "Assembly-CSharp-Editor", "Assembly-CSharp-Editor.csproj", "{DD00172F-3AA1-4E76-799D-2DE1111CC723}"
EndProject
Global
	GlobalSection(SolutionConfigurationPlatforms) = preSolution
		Debug|Any CPU = Debug|Any CPU
		Release|Any CPU = Release|Any CPU
	EndGlobalSection
	GlobalSection(ProjectConfigurationPlatforms) = postSolution
		{AC1B27CA-7254-9736-4918-2EBB5BD8919A}.Debug|Any CPU.ActiveCfg = Debug|Any CPU
		{AC1B27CA-7254-9736-4918-2EBB5BD8919A}.Debug|Any CPU.Build.0 = Debug|Any CPU
		{AC1B27CA-7254-9736-4918-2EBB5BD8919A}.Release|Any CPU.ActiveCfg = Release|Any CPU
		{AC1B27CA-7254-9736-4918-2EBB5BD8919A}.Release|Any CPU.Build.0 = Release|Any CPU
		{DD00172F-3AA1-4E76-799D-2DE1111CC723}.Debug|Any CPU.ActiveCfg = Debug|Any CPU
		{DD00172F-3AA1-4E76-799D-2DE1111CC723}.Debug|Any CPU.Build.0 = Debug|Any CPU
		{DD00172F-3AA1-4E76-799D-2DE1111CC723}.Release|Any CPU.ActiveCfg = Release|Any CPU
		{DD00172F-3AA1-4E76-799D-2DE1111CC723}.Release|Any CPU.Build.0 = Release|Any CPU
	EndGlobalSection
	GlobalSection(SolutionProperties) = preSolution
		HideSolutionNode = FALSE
	EndGlobalSection
EndGlobal
